
Microsoft Visual Studio Solution File, Format Version 12.00
# Visual Studio Version 17
VisualStudioVersion = 17.7.34031.279
MinimumVisualStudioVersion = 10.0.40219.1
Project("{FAE04EC0-301F-11D3-BF4B-00C04F79EFBC}") = "FibonacciHesaplama", "FibonacciHesaplama.csproj", "{DC4917C0-7DD6-4D54-A900-B5C35225B83B}"
EndProject
Global
	GlobalSection(SolutionConfigurationPlatforms) = preSolution
		Debug|Any CPU = Debug|Any CPU
		Release|Any CPU = Release|Any CPU
	EndGlobalSection
	GlobalSection(ProjectConfigurationPlatforms) = postSolution
		{DC4917C0-7DD6-4D54-A900-B5C35225B83B}.Debug|Any CPU.ActiveCfg = Debug|Any CPU
		{DC4917C0-7DD6-4D54-A900-B5C35225B83B}.Debug|Any CPU.Build.0 = Debug|Any CPU
		{DC4917C0-7DD6-4D54-A900-B5C35225B83B}.Release|Any CPU.ActiveCfg = Release|Any CPU
		{DC4917C0-7DD6-4D54-A900-B5C35225B83B}.Release|Any CPU.Build.0 = Release|Any CPU
	EndGlobalSection
	GlobalSection(SolutionProperties) = preSolution
		HideSolutionNode = FALSE
	EndGlobalSection
	GlobalSection(ExtensibilityGlobals) = postSolution
		SolutionGuid = {8914EF8D-D5ED-44FA-B7F1-9EE133865EFD}
	EndGlobalSection
EndGlobal
